
Microsoft Visual Studio Solution File, Format Version 12.00
# Visual Studio Version 16
VisualStudioVersion = 16.0.29009.5
MinimumVisualStudioVersion = 10.0.40219.1
Project("{FAE04EC0-301F-11D3-BF4B-00C04F79EFBC}") = "SpyStore.Angular2", "SpyStore.Angular2\SpyStore.Angular2.csproj", "{96DCEF4C-EA6E-4599-BF94-5D3747AA07EA}"
EndProject
Global
	GlobalSection(SolutionConfigurationPlatforms) = preSolution
		Debug|Any CPU = Debug|Any CPU
		Release|Any CPU = Release|Any CPU
	EndGlobalSection
	GlobalSection(ProjectConfigurationPlatforms) = postSolution
		{96DCEF4C-EA6E-4599-BF94-5D3747AA07EA}.Debug|Any CPU.ActiveCfg = Debug|Any CPU
		{96DCEF4C-EA6E-4599-BF94-5D3747AA07EA}.Debug|Any CPU.Build.0 = Debug|Any CPU
		{96DCEF4C-EA6E-4599-BF94-5D3747AA07EA}.Release|Any CPU.ActiveCfg = Release|Any CPU
		{96DCEF4C-EA6E-4599-BF94-5D3747AA07EA}.Release|Any CPU.Build.0 = Release|Any CPU
	EndGlobalSection
	GlobalSection(SolutionProperties) = preSolution
		HideSolutionNode = FALSE
	EndGlobalSection
	GlobalSection(ExtensibilityGlobals) = postSolution
		SolutionGuid = {3B58DA11-3B0D-4120-AB21-E51709D42509}
	EndGlobalSection
EndGlobal
